
Microsoft Visual Studio Solution File, Format Version 12.00
# Visual Studio 15
Project("{FAE04EC0-301F-11D3-BF4B-00C04F79EFBC}") = "AstarPathfindingProject", "AstarPathfindingProject.csproj", "{7578C347-09B8-29B6-884C-19BBE004CA09}"
EndProject
Project("{FAE04EC0-301F-11D3-BF4B-00C04F79EFBC}") = "Assembly-CSharp", "Assembly-CSharp.csproj", "{184446EA-77DB-92EA-1BC0-1201979044C1}"
EndProject
Project("{FAE04EC0-301F-11D3-BF4B-00C04F79EFBC}") = "PackageToolsEditor", "PackageToolsEditor.csproj", "{F6863EB8-6398-1C5E-FE76-EDE5F6E1C067}"
EndProject
Project("{FAE04EC0-301F-11D3-BF4B-00C04F79EFBC}") = "AstarPathfindingProjectEditor", "AstarPathfindingProjectEditor.csproj", "{377F5A86-F197-B50E-6C05-D6FD86E291C6}"
EndProject
Global
	GlobalSection(SolutionConfigurationPlatforms) = preSolution
		Debug|Any CPU = Debug|Any CPU
		Release|Any CPU = Release|Any CPU
	EndGlobalSection
	GlobalSection(ProjectConfigurationPlatforms) = postSolution
		{7578C347-09B8-29B6-884C-19BBE004CA09}.Debug|Any CPU.ActiveCfg = Debug|Any CPU
		{7578C347-09B8-29B6-884C-19BBE004CA09}.Debug|Any CPU.Build.0 = Debug|Any CPU
		{7578C347-09B8-29B6-884C-19BBE004CA09}.Release|Any CPU.ActiveCfg = Release|Any CPU
		{7578C347-09B8-29B6-884C-19BBE004CA09}.Release|Any CPU.Build.0 = Release|Any CPU
		{184446EA-77DB-92EA-1BC0-1201979044C1}.Debug|Any CPU.ActiveCfg = Debug|Any CPU
		{184446EA-77DB-92EA-1BC0-1201979044C1}.Debug|Any CPU.Build.0 = Debug|Any CPU
		{184446EA-77DB-92EA-1BC0-1201979044C1}.Release|Any CPU.ActiveCfg = Release|Any CPU
		{184446EA-77DB-92EA-1BC0-1201979044C1}.Release|Any CPU.Build.0 = Release|Any CPU
		{F6863EB8-6398-1C5E-FE76-EDE5F6E1C067}.Debug|Any CPU.ActiveCfg = Debug|Any CPU
		{F6863EB8-6398-1C5E-FE76-EDE5F6E1C067}.Debug|Any CPU.Build.0 = Debug|Any CPU
		{F6863EB8-6398-1C5E-FE76-EDE5F6E1C067}.Release|Any CPU.ActiveCfg = Release|Any CPU
		{F6863EB8-6398-1C5E-FE76-EDE5F6E1C067}.Release|Any CPU.Build.0 = Release|Any CPU
		{377F5A86-F197-B50E-6C05-D6FD86E291C6}.Debug|Any CPU.ActiveCfg = Debug|Any CPU
		{377F5A86-F197-B50E-6C05-D6FD86E291C6}.Debug|Any CPU.Build.0 = Debug|Any CPU
		{377F5A86-F197-B50E-6C05-D6FD86E291C6}.Release|Any CPU.ActiveCfg = Release|Any CPU
		{377F5A86-F197-B50E-6C05-D6FD86E291C6}.Release|Any CPU.Build.0 = Release|Any CPU
	EndGlobalSection
	GlobalSection(SolutionProperties) = preSolution
		HideSolutionNode = FALSE
	EndGlobalSection
EndGlobal
